Microsoft Visual Studio Solution File, Format Version 12.00
# Visual Studio 15
VisualStudioVersion = 15.0.27428.2015
MinimumVisualStudioVersion = 10.0.40219.1
Project("{2150E333-8FDC-42A3-9474-1A3956D46DE8}") = "iosproj", "iosproj", "{5A5C2E42-E3DA-498C-A07E-931DA86CE26D}"
EndProject
Project("{8BC9CEB8-8B4A-11D0-8D11-00A0C91BC942}") = "iosproj-Headers", "iosproj.vsimporter\iosproj-Headers-WinStore8.1\iosproj-Headers.vcxitems", "{B57AE1F4-A9C8-43F3-83E0-F4D59A31ADBE}"
EndProject
Project("{8BC9CEB8-8B4A-11D0-8D11-00A0C91BC942}") = "iosproj", "iosproj.vsimporter\iosproj-WinStore8.1\iosproj.vcxproj", "{E8DD7CA8-1A65-41B3-81BA-336211D78275}"
EndProject
Global
	GlobalSection(SharedMSBuildProjectFiles) = preSolution
		iosproj.vsimporter\iosproj-Headers-WinStore8.1\iosproj-Headers.vcxitems*{b57ae1f4-a9c8-43f3-83e0-f4d59a31adbe}*SharedItemsImports = 9
		iosproj.vsimporter\iosproj-Headers-WinStore8.1\iosproj-Headers.vcxitems*{e8dd7ca8-1a65-41b3-81ba-336211d78275}*SharedItemsImports = 4
	EndGlobalSection
	GlobalSection(SolutionConfigurationPlatforms) = preSolution
		Debug|Win32 = Debug|Win32
		Release|Win32 = Release|Win32
	EndGlobalSection
	GlobalSection(ProjectConfigurationPlatforms) = postSolution
		{E8DD7CA8-1A65-41B3-81BA-336211D78275}.Debug|Win32.ActiveCfg = Debug|Win32
		{E8DD7CA8-1A65-41B3-81BA-336211D78275}.Debug|Win32.Build.0 = Debug|Win32
		{E8DD7CA8-1A65-41B3-81BA-336211D78275}.Debug|Win32.Deploy.0 = Debug|Win32
		{E8DD7CA8-1A65-41B3-81BA-336211D78275}.Release|Win32.ActiveCfg = Release|Win32
		{E8DD7CA8-1A65-41B3-81BA-336211D78275}.Release|Win32.Build.0 = Release|Win32
		{E8DD7CA8-1A65-41B3-81BA-336211D78275}.Release|Win32.Deploy.0 = Release|Win32
	EndGlobalSection
	GlobalSection(SolutionProperties) = preSolution
		HideSolutionNode = FALSE
	EndGlobalSection
	GlobalSection(NestedProjects) = preSolution
		{B57AE1F4-A9C8-43F3-83E0-F4D59A31ADBE} = {5A5C2E42-E3DA-498C-A07E-931DA86CE26D}
		{E8DD7CA8-1A65-41B3-81BA-336211D78275} = {5A5C2E42-E3DA-498C-A07E-931DA86CE26D}
	EndGlobalSection
	GlobalSection(ExtensibilityGlobals) = postSolution
		SolutionGuid = {21078610-7BDD-47E7-8E3C-9F336F570DE2}
	EndGlobalSection
EndGlobal
